
Microsoft Visual Studio Solution File, Format Version 12.00
# Visual Studio Version 16
VisualStudioVersion = 16.0.31410.357
MinimumVisualStudioVersion = 10.0.40219.1
Project("{FAE04EC0-301F-11D3-BF4B-00C04F79EFBC}") = "BulkyBook", "BulkyBook\BulkyBook.csproj", "{DC556900-97FB-49B2-B229-CC3701654690}"
EndProject
Global
	GlobalSection(SolutionConfigurationPlatforms) = preSolution
		Debug|Any CPU = Debug|Any CPU
		Release|Any CPU = Release|Any CPU
	EndGlobalSection
	GlobalSection(ProjectConfigurationPlatforms) = postSolution
		{DC556900-97FB-49B2-B229-CC3701654690}.Debug|Any CPU.ActiveCfg = Debug|Any CPU
		{DC556900-97FB-49B2-B229-CC3701654690}.Debug|Any CPU.Build.0 = Debug|Any CPU
		{DC556900-97FB-49B2-B229-CC3701654690}.Release|Any CPU.ActiveCfg = Release|Any CPU
		{DC556900-97FB-49B2-B229-CC3701654690}.Release|Any CPU.Build.0 = Release|Any CPU
	EndGlobalSection
	GlobalSection(SolutionProperties) = preSolution
		HideSolutionNode = FALSE
	EndGlobalSection
	GlobalSection(ExtensibilityGlobals) = postSolution
		SolutionGuid = {47F77C2F-E159-46A9-991A-F8ED359EB552}
	EndGlobalSection
EndGlobal
